
Microsoft Visual Studio Solution File, Format Version 12.00
# Visual Studio Version 17
VisualStudioVersion = 17.11.35219.272
MinimumVisualStudioVersion = 10.0.40219.1
Project("{FAE04EC0-301F-11D3-BF4B-00C04F79EFBC}") = "Variables", "Variables\Variables.csproj", "{D91B624B-A2A6-4EE6-9F6A-9684E3539882}"
EndProject
Global
	GlobalSection(SolutionConfigurationPlatforms) = preSolution
		Debug|Any CPU = Debug|Any CPU
		Release|Any CPU = Release|Any CPU
	EndGlobalSection
	GlobalSection(ProjectConfigurationPlatforms) = postSolution
		{D91B624B-A2A6-4EE6-9F6A-9684E3539882}.Debug|Any CPU.ActiveCfg = Debug|Any CPU
		{D91B624B-A2A6-4EE6-9F6A-9684E3539882}.Debug|Any CPU.Build.0 = Debug|Any CPU
		{D91B624B-A2A6-4EE6-9F6A-9684E3539882}.Release|Any CPU.ActiveCfg = Release|Any CPU
		{D91B624B-A2A6-4EE6-9F6A-9684E3539882}.Release|Any CPU.Build.0 = Release|Any CPU
	EndGlobalSection
	GlobalSection(SolutionProperties) = preSolution
		HideSolutionNode = FALSE
	EndGlobalSection
	GlobalSection(ExtensibilityGlobals) = postSolution
		SolutionGuid = {E8C6E7EB-D243-408D-A755-6546B6026ACA}
	EndGlobalSection
EndGlobal
